{
  "name": "incidents",
  "lockfileVersion": 3,
  "requires": true,
  "packages": {
    "": {
      "name": "incidents",
      "dependencies": {
        "jquery": "^3.5",
        "leaflet": "*"
      }
    },
    "node_modules/jquery": {
      "version": "3.7.1",
      "resolved": "https://registry.npmjs.org/jquery/-/jquery-3.7.1.tgz",
      "integrity": "sha512-m4avr8yL8kmFN8psrbFFFmB/If14iN5o9nw/NgnnM+kybDJpRsAynV2BsfpTYrTRysYUdADVD7CkUUizgkpLfg==",
      "license": "MIT"
    },
    "node_modules/leaflet": {
      "version": "1.9.4",
      "resolved": "https://registry.yarnpkg.com/leaflet/-/leaflet-1.9.4.tgz",
      "integrity": "sha1-I/rnJOKC+iV0Wv+Cyk05R0jbfY0= sha512-nxS1ynzJOmOlHp+iL3FyWqK89GtNL8U8rvlMOsQdTTssxZwCXh8N2NB3GDQOL+YR3XnWyZAxwQixURb+FA74PA=="
    }
  }
}
